// !$*UTF8*$!
{
	archiveVersion = 1;
	classes = {
	};
	objectVersion = 46;
	objects = {

/* Begin PBXBuildFile section */
		8D2D929B1C327A0000AFA1BE /* Parade.swift in Sources */ = {isa = PBXBuildFile; fileRef = 8D2D929A1C327A0000AFA1BE /* Parade.swift */; };
		8D2D929C1C327A0000AFA1BE /* Parade.swift in Sources */ = {isa = PBXBuildFile; fileRef = 8D2D929A1C327A0000AFA1BE /* Parade.swift */; };
		8D34CA261C3137100002E3F9 /* WesternChef.swift in Sources */ = {isa = PBXBuildFile; fileRef = 8D34CA251C3137100002E3F9 /* WesternChef.swift */; };
		8D34CA271C3137100002E3F9 /* WesternChef.swift in Sources */ = {isa = PBXBuildFile; fileRef = 8D34CA251C3137100002E3F9 /* WesternChef.swift */; };
		8D34CA291C3138BE0002E3F9 /* JapaneseChef.swift in Sources */ = {isa = PBXBuildFile; fileRef = 8D34CA281C3138BE0002E3F9 /* JapaneseChef.swift */; };
		8D34CA2A1C3138BE0002E3F9 /* JapaneseChef.swift in Sources */ = {isa = PBXBuildFile; fileRef = 8D34CA281C3138BE0002E3F9 /* JapaneseChef.swift */; };
		8D34CA2D1C3139DF0002E3F9 /* Array+Randomiser.swift in Sources */ = {isa = PBXBuildFile; fileRef = 8D34CA2C1C3139DF0002E3F9 /* Array+Randomiser.swift */; };
		8D34CA2E1C3139DF0002E3F9 /* Array+Randomiser.swift in Sources */ = {isa = PBXBuildFile; fileRef = 8D34CA2C1C3139DF0002E3F9 /* Array+Randomiser.swift */; };
		8D34CA301C313C510002E3F9 /* IndonesianChef.swift in Sources */ = {isa = PBXBuildFile; fileRef = 8D34CA2F1C313C510002E3F9 /* IndonesianChef.swift */; };
		8D34CA311C313C510002E3F9 /* IndonesianChef.swift in Sources */ = {isa = PBXBuildFile; fileRef = 8D34CA2F1C313C510002E3F9 /* IndonesianChef.swift */; };
		8D34CA331C313D4F0002E3F9 /* OtherCuisineChef.swift in Sources */ = {isa = PBXBuildFile; fileRef = 8D34CA321C313D4F0002E3F9 /* OtherCuisineChef.swift */; };
		8D34CA341C313D4F0002E3F9 /* OtherCuisineChef.swift in Sources */ = {isa = PBXBuildFile; fileRef = 8D34CA321C313D4F0002E3F9 /* OtherCuisineChef.swift */; };
		8D34CA361C313F660002E3F9 /* AbstractChefFactory.swift in Sources */ = {isa = PBXBuildFile; fileRef = 8D34CA351C313F660002E3F9 /* AbstractChefFactory.swift */; };
		8D34CA371C313F660002E3F9 /* AbstractChefFactory.swift in Sources */ = {isa = PBXBuildFile; fileRef = 8D34CA351C313F660002E3F9 /* AbstractChefFactory.swift */; };
		8D34CA3E1C3141680002E3F9 /* AbstractFactorySampleViewController.swift in Sources */ = {isa = PBXBuildFile; fileRef = 8D34CA3C1C3141680002E3F9 /* AbstractFactorySampleViewController.swift */; };
		8D34CA3F1C3141680002E3F9 /* AbstractFactorySampleViewController.swift in Sources */ = {isa = PBXBuildFile; fileRef = 8D34CA3C1C3141680002E3F9 /* AbstractFactorySampleViewController.swift */; };
		8D34CA401C3141680002E3F9 /* AbstractFactorySampleViewController.xib in Resources */ = {isa = PBXBuildFile; fileRef = 8D34CA3D1C3141680002E3F9 /* AbstractFactorySampleViewController.xib */; };
		8D34CA411C3141680002E3F9 /* AbstractFactorySampleViewController.xib in Resources */ = {isa = PBXBuildFile; fileRef = 8D34CA3D1C3141680002E3F9 /* AbstractFactorySampleViewController.xib */; };
		8D3E42B51C327DED0018E6BC /* ParadeViewModel.swift in Sources */ = {isa = PBXBuildFile; fileRef = 8D3E42B41C327DED0018E6BC /* ParadeViewModel.swift */; settings = {ASSET_TAGS = (); }; };
		8D3E42B61C327DED0018E6BC /* ParadeViewModel.swift in Sources */ = {isa = PBXBuildFile; fileRef = 8D3E42B41C327DED0018E6BC /* ParadeViewModel.swift */; settings = {ASSET_TAGS = (); }; };
		8D3E42B81C3280A00018E6BC /* DesertParadeViewModel.swift in Sources */ = {isa = PBXBuildFile; fileRef = 8D3E42B71C3280A00018E6BC /* DesertParadeViewModel.swift */; settings = {ASSET_TAGS = (); }; };
		8D3E42B91C3280A00018E6BC /* DesertParadeViewModel.swift in Sources */ = {isa = PBXBuildFile; fileRef = 8D3E42B71C3280A00018E6BC /* DesertParadeViewModel.swift */; settings = {ASSET_TAGS = (); }; };
		8D3E42BB1C32837A0018E6BC /* SeaParadeViewModel.swift in Sources */ = {isa = PBXBuildFile; fileRef = 8D3E42BA1C32837A0018E6BC /* SeaParadeViewModel.swift */; settings = {ASSET_TAGS = (); }; };
		8D3E42BC1C32837A0018E6BC /* SeaParadeViewModel.swift in Sources */ = {isa = PBXBuildFile; fileRef = 8D3E42BA1C32837A0018E6BC /* SeaParadeViewModel.swift */; settings = {ASSET_TAGS = (); }; };
		8D3E42BE1C32846E0018E6BC /* SkyParadeViewModel.swift in Sources */ = {isa = PBXBuildFile; fileRef = 8D3E42BD1C32846E0018E6BC /* SkyParadeViewModel.swift */; settings = {ASSET_TAGS = (); }; };
		8D3E42BF1C32846E0018E6BC /* SkyParadeViewModel.swift in Sources */ = {isa = PBXBuildFile; fileRef = 8D3E42BD1C32846E0018E6BC /* SkyParadeViewModel.swift */; settings = {ASSET_TAGS = (); }; };
		8D3E42C11C3285630018E6BC /* JungleParadeViewModel.swift in Sources */ = {isa = PBXBuildFile; fileRef = 8D3E42C01C3285630018E6BC /* JungleParadeViewModel.swift */; settings = {ASSET_TAGS = (); }; };
		8D3E42C21C3285630018E6BC /* JungleParadeViewModel.swift in Sources */ = {isa = PBXBuildFile; fileRef = 8D3E42C01C3285630018E6BC /* JungleParadeViewModel.swift */; settings = {ASSET_TAGS = (); }; };
		8D3E42C41C3286A20018E6BC /* CityParadeViewModel.swift in Sources */ = {isa = PBXBuildFile; fileRef = 8D3E42C31C3286A20018E6BC /* CityParadeViewModel.swift */; settings = {ASSET_TAGS = (); }; };
		8D3E42C51C3286A20018E6BC /* CityParadeViewModel.swift in Sources */ = {isa = PBXBuildFile; fileRef = 8D3E42C31C3286A20018E6BC /* CityParadeViewModel.swift */; settings = {ASSET_TAGS = (); }; };
		8D51B05C1C2A71AD00B9509E /* CreationalPatternsViewController.swift in Sources */ = {isa = PBXBuildFile; fileRef = 8D51B05B1C2A71AD00B9509E /* CreationalPatternsViewController.swift */; };
		8D51B05D1C2A71B000B9509E /* CreationalPatternsViewController.swift in Sources */ = {isa = PBXBuildFile; fileRef = 8D51B05B1C2A71AD00B9509E /* CreationalPatternsViewController.swift */; };
		8D51B05F1C2A77E700B9509E /* StructuralPatternsViewController.swift in Sources */ = {isa = PBXBuildFile; fileRef = 8D51B05E1C2A77E700B9509E /* StructuralPatternsViewController.swift */; };
		8D51B0601C2A77E700B9509E /* StructuralPatternsViewController.swift in Sources */ = {isa = PBXBuildFile; fileRef = 8D51B05E1C2A77E700B9509E /* StructuralPatternsViewController.swift */; };
		8D51B0621C2A79C000B9509E /* BehaviouralPatternsViewController.swift in Sources */ = {isa = PBXBuildFile; fileRef = 8D51B0611C2A79C000B9509E /* BehaviouralPatternsViewController.swift */; };
		8D51B0631C2A79C000B9509E /* BehaviouralPatternsViewController.swift in Sources */ = {isa = PBXBuildFile; fileRef = 8D51B0611C2A79C000B9509E /* BehaviouralPatternsViewController.swift */; };
		8D51B0651C2A7A8F00B9509E /* HomeViewController.swift in Sources */ = {isa = PBXBuildFile; fileRef = 8D51B0641C2A7A8F00B9509E /* HomeViewController.swift */; };
		8D51B0661C2A7A8F00B9509E /* HomeViewController.swift in Sources */ = {isa = PBXBuildFile; fileRef = 8D51B0641C2A7A8F00B9509E /* HomeViewController.swift */; };
		8DDA04C51C2A8C7600B5A707 /* PatternType.swift in Sources */ = {isa = PBXBuildFile; fileRef = 8DDA04C41C2A8C7600B5A707 /* PatternType.swift */; };
		8DDA04C61C2A8C7600B5A707 /* PatternType.swift in Sources */ = {isa = PBXBuildFile; fileRef = 8DDA04C41C2A8C7600B5A707 /* PatternType.swift */; };
		8DDA04C91C2A8E3D00B5A707 /* CreationalPatternType.swift in Sources */ = {isa = PBXBuildFile; fileRef = 8DDA04C81C2A8E3D00B5A707 /* CreationalPatternType.swift */; };
		8DDA04CA1C2A8E3D00B5A707 /* CreationalPatternType.swift in Sources */ = {isa = PBXBuildFile; fileRef = 8DDA04C81C2A8E3D00B5A707 /* CreationalPatternType.swift */; };
		8DDA04D01C2A9DB000B5A707 /* Food.swift in Sources */ = {isa = PBXBuildFile; fileRef = 8DDA04CF1C2A9DB000B5A707 /* Food.swift */; };
		8DDA04D11C2A9DB000B5A707 /* Food.swift in Sources */ = {isa = PBXBuildFile; fileRef = 8DDA04CF1C2A9DB000B5A707 /* Food.swift */; };
		8DDA04D31C2A9E3C00B5A707 /* Chef.swift in Sources */ = {isa = PBXBuildFile; fileRef = 8DDA04D21C2A9E3C00B5A707 /* Chef.swift */; };
		8DDA04D41C2A9E3C00B5A707 /* Chef.swift in Sources */ = {isa = PBXBuildFile; fileRef = 8DDA04D21C2A9E3C00B5A707 /* Chef.swift */; };
		8DDA04D71C2A9FDD00B5A707 /* ChineseChef.swift in Sources */ = {isa = PBXBuildFile; fileRef = 8DDA04D61C2A9FDD00B5A707 /* ChineseChef.swift */; };
		8DDA04D81C2A9FDD00B5A707 /* ChineseChef.swift in Sources */ = {isa = PBXBuildFile; fileRef = 8DDA04D61C2A9FDD00B5A707 /* ChineseChef.swift */; };
		8DED25701C2292FF00462C0F /* AppDelegate.swift in Sources */ = {isa = PBXBuildFile; fileRef = 8DED256F1C2292FF00462C0F /* AppDelegate.swift */; };
		8DED25751C2292FF00462C0F /* Main.storyboard in Resources */ = {isa = PBXBuildFile; fileRef = 8DED25731C2292FF00462C0F /* Main.storyboard */; };
		8DED25771C2292FF00462C0F /* Assets.xcassets in Resources */ = {isa = PBXBuildFile; fileRef = 8DED25761C2292FF00462C0F /* Assets.xcassets */; };
		8DED257A1C2292FF00462C0F /* LaunchScreen.storyboard in Resources */ = {isa = PBXBuildFile; fileRef = 8DED25781C2292FF00462C0F /* LaunchScreen.storyboard */; };
		8DED25851C2292FF00462C0F /* DesignPatternsPlaygroundTests.swift in Sources */ = {isa = PBXBuildFile; fileRef = 8DED25841C2292FF00462C0F /* DesignPatternsPlaygroundTests.swift */; };
		8DEF636C1C3394BB00F65DAB /* BlackParadeViewModel.swift in Sources */ = {isa = PBXBuildFile; fileRef = 8DEF636B1C3394BB00F65DAB /* BlackParadeViewModel.swift */; settings = {ASSET_TAGS = (); }; };
		8DEF636D1C3394BB00F65DAB /* BlackParadeViewModel.swift in Sources */ = {isa = PBXBuildFile; fileRef = 8DEF636B1C3394BB00F65DAB /* BlackParadeViewModel.swift */; settings = {ASSET_TAGS = (); }; };
		8DEF63701C33961100F65DAB /* FactoryMethodViewController.swift in Sources */ = {isa = PBXBuildFile; fileRef = 8DEF636E1C33961100F65DAB /* FactoryMethodViewController.swift */; settings = {ASSET_TAGS = (); }; };
		8DEF63711C33961100F65DAB /* FactoryMethodViewController.swift in Sources */ = {isa = PBXBuildFile; fileRef = 8DEF636E1C33961100F65DAB /* FactoryMethodViewController.swift */; settings = {ASSET_TAGS = (); }; };
		8DEF63721C33961100F65DAB /* FactoryMethodViewController.xib in Resources */ = {isa = PBXBuildFile; fileRef = 8DEF636F1C33961100F65DAB /* FactoryMethodViewController.xib */; settings = {ASSET_TAGS = (); }; };
		8DEF63731C33961100F65DAB /* FactoryMethodViewController.xib in Resources */ = {isa = PBXBuildFile; fileRef = 8DEF636F1C33961100F65DAB /* FactoryMethodViewController.xib */; settings = {ASSET_TAGS = (); }; };
/* End PBXBuildFile section */

/* Begin PBXContainerItemProxy section */
		8DED25811C2292FF00462C0F /* PBXContainerItemProxy */ = {
			isa = PBXContainerItemProxy;
			containerPortal = 8DED25641C2292FF00462C0F /* Project object */;
			proxyType = 1;
			remoteGlobalIDString = 8DED256B1C2292FF00462C0F;
			remoteInfo = DesignPatternsPlayground;
		};
/* End PBXContainerItemProxy section */

/* Begin PBXFileReference section */
		8D2D929A1C327A0000AFA1BE /* Parade.swift */ = {isa = PBXFileReference; fileEncoding = 4; lastKnownFileType = sourcecode.swift; path = Parade.swift; sourceTree = "<group>"; };
		8D34CA251C3137100002E3F9 /* WesternChef.swift */ = {isa = PBXFileReference; fileEncoding = 4; lastKnownFileType = sourcecode.swift; path = WesternChef.swift; sourceTree = "<group>"; };
		8D34CA281C3138BE0002E3F9 /* JapaneseChef.swift */ = {isa = PBXFileReference; fileEncoding = 4; lastKnownFileType = sourcecode.swift; path = JapaneseChef.swift; sourceTree = "<group>"; };
		8D34CA2C1C3139DF0002E3F9 /* Array+Randomiser.swift */ = {isa = PBXFileReference; fileEncoding = 4; lastKnownFileType = sourcecode.swift; path = "Array+Randomiser.swift"; sourceTree = "<group>"; };
		8D34CA2F1C313C510002E3F9 /* IndonesianChef.swift */ = {isa = PBXFileReference; fileEncoding = 4; lastKnownFileType = sourcecode.swift; path = IndonesianChef.swift; sourceTree = "<group>"; };
		8D34CA321C313D4F0002E3F9 /* OtherCuisineChef.swift */ = {isa = PBXFileReference; fileEncoding = 4; lastKnownFileType = sourcecode.swift; path = OtherCuisineChef.swift; sourceTree = "<group>"; };
		8D34CA351C313F660002E3F9 /* AbstractChefFactory.swift */ = {isa = PBXFileReference; fileEncoding = 4; lastKnownFileType = sourcecode.swift; path = AbstractChefFactory.swift; sourceTree = "<group>"; };
		8D34CA3C1C3141680002E3F9 /* AbstractFactorySampleViewController.swift */ = {isa = PBXFileReference; fileEncoding = 4; lastKnownFileType = sourcecode.swift; path = AbstractFactorySampleViewController.swift; sourceTree = "<group>"; };
		8D34CA3D1C3141680002E3F9 /* AbstractFactorySampleViewController.xib */ = {isa = PBXFileReference; fileEncoding = 4; lastKnownFileType = file.xib; path = AbstractFactorySampleViewController.xib; sourceTree = "<group>"; };
		8D3E42B41C327DED0018E6BC /* ParadeViewModel.swift */ = {isa = PBXFileReference; fileEncoding = 4; lastKnownFileType = sourcecode.swift; path = ParadeViewModel.swift; sourceTree = "<group>"; };
		8D3E42B71C3280A00018E6BC /* DesertParadeViewModel.swift */ = {isa = PBXFileReference; fileEncoding = 4; lastKnownFileType = sourcecode.swift; path = DesertParadeViewModel.swift; sourceTree = "<group>"; };
		8D3E42BA1C32837A0018E6BC /* SeaParadeViewModel.swift */ = {isa = PBXFileReference; fileEncoding = 4; lastKnownFileType = sourcecode.swift; path = SeaParadeViewModel.swift; sourceTree = "<group>"; };
		8D3E42BD1C32846E0018E6BC /* SkyParadeViewModel.swift */ = {isa = PBXFileReference; fileEncoding = 4; lastKnownFileType = sourcecode.swift; path = SkyParadeViewModel.swift; sourceTree = "<group>"; };
		8D3E42C01C3285630018E6BC /* JungleParadeViewModel.swift */ = {isa = PBXFileReference; fileEncoding = 4; lastKnownFileType = sourcecode.swift; path = JungleParadeViewModel.swift; sourceTree = "<group>"; };
		8D3E42C31C3286A20018E6BC /* CityParadeViewModel.swift */ = {isa = PBXFileReference; fileEncoding = 4; lastKnownFileType = sourcecode.swift; path = CityParadeViewModel.swift; sourceTree = "<group>"; };
		8D51B05B1C2A71AD00B9509E /* CreationalPatternsViewController.swift */ = {isa = PBXFileReference; fileEncoding = 4; lastKnownFileType = sourcecode.swift; path = CreationalPatternsViewController.swift; sourceTree = "<group>"; };
		8D51B05E1C2A77E700B9509E /* StructuralPatternsViewController.swift */ = {isa = PBXFileReference; fileEncoding = 4; lastKnownFileType = sourcecode.swift; path = StructuralPatternsViewController.swift; sourceTree = "<group>"; };
		8D51B0611C2A79C000B9509E /* BehaviouralPatternsViewController.swift */ = {isa = PBXFileReference; fileEncoding = 4; lastKnownFileType = sourcecode.swift; path = BehaviouralPatternsViewController.swift; sourceTree = "<group>"; };
		8D51B0641C2A7A8F00B9509E /* HomeViewController.swift */ = {isa = PBXFileReference; fileEncoding = 4; lastKnownFileType = sourcecode.swift; path = HomeViewController.swift; sourceTree = "<group>"; };
		8DDA04C41C2A8C7600B5A707 /* PatternType.swift */ = {isa = PBXFileReference; fileEncoding = 4; lastKnownFileType = sourcecode.swift; path = PatternType.swift; sourceTree = "<group>"; };
		8DDA04C81C2A8E3D00B5A707 /* CreationalPatternType.swift */ = {isa = PBXFileReference; fileEncoding = 4; lastKnownFileType = sourcecode.swift; path = CreationalPatternType.swift; sourceTree = "<group>"; };
		8DDA04CF1C2A9DB000B5A707 /* Food.swift */ = {isa = PBXFileReference; fileEncoding = 4; lastKnownFileType = sourcecode.swift; path = Food.swift; sourceTree = "<group>"; };
		8DDA04D21C2A9E3C00B5A707 /* Chef.swift */ = {isa = PBXFileReference; fileEncoding = 4; lastKnownFileType = sourcecode.swift; path = Chef.swift; sourceTree = "<group>"; };
		8DDA04D61C2A9FDD00B5A707 /* ChineseChef.swift */ = {isa = PBXFileReference; fileEncoding = 4; lastKnownFileType = sourcecode.swift; path = ChineseChef.swift; sourceTree = "<group>"; };
		8DED256C1C2292FF00462C0F /* DesignPatternsPlayground.app */ = {isa = PBXFileReference; explicitFileType = wrapper.application; includeInIndex = 0; path = DesignPatternsPlayground.app; sourceTree = BUILT_PRODUCTS_DIR; };
		8DED256F1C2292FF00462C0F /* AppDelegate.swift */ = {isa = PBXFileReference; lastKnownFileType = sourcecode.swift; path = AppDelegate.swift; sourceTree = "<group>"; };
		8DED25741C2292FF00462C0F /* Base */ = {isa = PBXFileReference; lastKnownFileType = file.storyboard; name = Base; path = Base.lproj/Main.storyboard; sourceTree = "<group>"; };
		8DED25761C2292FF00462C0F /* Assets.xcassets */ = {isa = PBXFileReference; lastKnownFileType = folder.assetcatalog; path = Assets.xcassets; sourceTree = "<group>"; };
		8DED25791C2292FF00462C0F /* Base */ = {isa = PBXFileReference; lastKnownFileType = file.storyboard; name = Base; path = Base.lproj/LaunchScreen.storyboard; sourceTree = "<group>"; };
		8DED257B1C2292FF00462C0F /* Info.plist */ = {isa = PBXFileReference; lastKnownFileType = text.plist.xml; path = Info.plist; sourceTree = "<group>"; };
		8DED25801C2292FF00462C0F /* DesignPatternsPlaygroundTests.xctest */ = {isa = PBXFileReference; explicitFileType = wrapper.cfbundle; includeInIndex = 0; path = DesignPatternsPlaygroundTests.xctest; sourceTree = BUILT_PRODUCTS_DIR; };
		8DED25841C2292FF00462C0F /* DesignPatternsPlaygroundTests.swift */ = {isa = PBXFileReference; lastKnownFileType = sourcecode.swift; path = DesignPatternsPlaygroundTests.swift; sourceTree = "<group>"; };
		8DED25861C2292FF00462C0F /* Info.plist */ = {isa = PBXFileReference; lastKnownFileType = text.plist.xml; path = Info.plist; sourceTree = "<group>"; };
		8DEF636B1C3394BB00F65DAB /* BlackParadeViewModel.swift */ = {isa = PBXFileReference; fileEncoding = 4; lastKnownFileType = sourcecode.swift; path = BlackParadeViewModel.swift; sourceTree = "<group>"; };
		8DEF636E1C33961100F65DAB /* FactoryMethodViewController.swift */ = {isa = PBXFileReference; fileEncoding = 4; lastKnownFileType = sourcecode.swift; path = FactoryMethodViewController.swift; sourceTree = "<group>"; };
		8DEF636F1C33961100F65DAB /* FactoryMethodViewController.xib */ = {isa = PBXFileReference; fileEncoding = 4; lastKnownFileType = file.xib; path = FactoryMethodViewController.xib; sourceTree = "<group>"; };
/* End PBXFileReference section */

/* Begin PBXFrameworksBuildPhase section */
		8DED25691C2292FF00462C0F /* Frameworks */ = {
			isa = PBXFrameworksBuildPhase;
			buildActionMask = 2147483647;
			files = (
			);
			runOnlyForDeploymentPostprocessing = 0;
		};
		8DED257D1C2292FF00462C0F /* Frameworks */ = {
			isa = PBXFrameworksBuildPhase;
			buildActionMask = 2147483647;
			files = (
			);
			runOnlyForDeploymentPostprocessing = 0;
		};
/* End PBXFrameworksBuildPhase section */

/* Begin PBXGroup section */
		8D34CA2B1C3139820002E3F9 /* Decorators */ = {
			isa = PBXGroup;
			children = (
				8D34CA2C1C3139DF0002E3F9 /* Array+Randomiser.swift */,
			);
			path = Decorators;
			sourceTree = "<group>";
		};
		8D34CA381C3140E90002E3F9 /* CreationalPatterns */ = {
			isa = PBXGroup;
			children = (
				8D34CA3C1C3141680002E3F9 /* AbstractFactorySampleViewController.swift */,
				8D34CA3D1C3141680002E3F9 /* AbstractFactorySampleViewController.xib */,
				8DEF636E1C33961100F65DAB /* FactoryMethodViewController.swift */,
				8DEF636F1C33961100F65DAB /* FactoryMethodViewController.xib */,
			);
			path = CreationalPatterns;
			sourceTree = "<group>";
		};
		8D3E42B21C327D9D0018E6BC /* ViewModels */ = {
			isa = PBXGroup;
			children = (
				8D3E42B31C327DC10018E6BC /* Parades */,
			);
			path = ViewModels;
			sourceTree = "<group>";
		};
		8D3E42B31C327DC10018E6BC /* Parades */ = {
			isa = PBXGroup;
			children = (
				8D3E42B41C327DED0018E6BC /* ParadeViewModel.swift */,
				8D3E42B71C3280A00018E6BC /* DesertParadeViewModel.swift */,
				8D3E42BA1C32837A0018E6BC /* SeaParadeViewModel.swift */,
				8D3E42BD1C32846E0018E6BC /* SkyParadeViewModel.swift */,
				8D3E42C01C3285630018E6BC /* JungleParadeViewModel.swift */,
				8D3E42C31C3286A20018E6BC /* CityParadeViewModel.swift */,
				8DEF636B1C3394BB00F65DAB /* BlackParadeViewModel.swift */,
			);
			path = Parades;
			sourceTree = "<group>";
		};
		8D51B05A1C2A70B100B9509E /* ViewControllers */ = {
			isa = PBXGroup;
			children = (
				8D34CA381C3140E90002E3F9 /* CreationalPatterns */,
				8D51B05B1C2A71AD00B9509E /* CreationalPatternsViewController.swift */,
				8D51B05E1C2A77E700B9509E /* StructuralPatternsViewController.swift */,
				8D51B0611C2A79C000B9509E /* BehaviouralPatternsViewController.swift */,
				8D51B0641C2A7A8F00B9509E /* HomeViewController.swift */,
			);
			path = ViewControllers;
			sourceTree = "<group>";
		};
		8D51B0681C2A84E900B9509E /* Models */ = {
			isa = PBXGroup;
			children = (
				8DDA04CF1C2A9DB000B5A707 /* Food.swift */,
				8D2D929A1C327A0000AFA1BE /* Parade.swift */,
			);
			path = Models;
			sourceTree = "<group>";
		};
		8DDA04C31C2A8C5200B5A707 /* Protocols */ = {
			isa = PBXGroup;
			children = (
				8DDA04C41C2A8C7600B5A707 /* PatternType.swift */,
				8DDA04D21C2A9E3C00B5A707 /* Chef.swift */,
			);
			path = Protocols;
			sourceTree = "<group>";
		};
		8DDA04C71C2A8E3D00B5A707 /* Enums */ = {
			isa = PBXGroup;
			children = (
				8DDA04C81C2A8E3D00B5A707 /* CreationalPatternType.swift */,
			);
			path = Enums;
			sourceTree = "<group>";
		};
		8DDA04CB1C2A9BF500B5A707 /* Factories */ = {
			isa = PBXGroup;
			children = (
				8DDA04D51C2A9FAB00B5A707 /* Chefs */,
				8D34CA351C313F660002E3F9 /* AbstractChefFactory.swift */,
			);
			path = Factories;
			sourceTree = "<group>";
		};
		8DDA04D51C2A9FAB00B5A707 /* Chefs */ = {
			isa = PBXGroup;
			children = (
				8DDA04D61C2A9FDD00B5A707 /* ChineseChef.swift */,
				8D34CA251C3137100002E3F9 /* WesternChef.swift */,
				8D34CA281C3138BE0002E3F9 /* JapaneseChef.swift */,
				8D34CA2F1C313C510002E3F9 /* IndonesianChef.swift */,
				8D34CA321C313D4F0002E3F9 /* OtherCuisineChef.swift */,
			);
			path = Chefs;
			sourceTree = "<group>";
		};
		8DED25631C2292FF00462C0F = {
			isa = PBXGroup;
			children = (
				8DED256E1C2292FF00462C0F /* DesignPatternsPlayground */,
				8DED25831C2292FF00462C0F /* DesignPatternsPlaygroundTests */,
				8DED256D1C2292FF00462C0F /* Products */,
			);
			sourceTree = "<group>";
		};
		8DED256D1C2292FF00462C0F /* Products */ = {
			isa = PBXGroup;
			children = (
				8DED256C1C2292FF00462C0F /* DesignPatternsPlayground.app */,
				8DED25801C2292FF00462C0F /* DesignPatternsPlaygroundTests.xctest */,
			);
			name = Products;
			sourceTree = "<group>";
		};
		8DED256E1C2292FF00462C0F /* DesignPatternsPlayground */ = {
			isa = PBXGroup;
			children = (
				8D34CA2B1C3139820002E3F9 /* Decorators */,
				8DDA04CB1C2A9BF500B5A707 /* Factories */,
				8DDA04C31C2A8C5200B5A707 /* Protocols */,
				8DDA04C71C2A8E3D00B5A707 /* Enums */,
				8D51B0681C2A84E900B9509E /* Models */,
				8D51B05A1C2A70B100B9509E /* ViewControllers */,
				8D3E42B21C327D9D0018E6BC /* ViewModels */,
				8DED256F1C2292FF00462C0F /* AppDelegate.swift */,
				8DED25731C2292FF00462C0F /* Main.storyboard */,
				8DED25761C2292FF00462C0F /* Assets.xcassets */,
				8DED25781C2292FF00462C0F /* LaunchScreen.storyboard */,
				8DED257B1C2292FF00462C0F /* Info.plist */,
			);
			path = DesignPatternsPlayground;
			sourceTree = "<group>";
		};
		8DED25831C2292FF00462C0F /* DesignPatternsPlaygroundTests */ = {
			isa = PBXGroup;
			children = (
				8DED25841C2292FF00462C0F /* DesignPatternsPlaygroundTests.swift */,
				8DED25861C2292FF00462C0F /* Info.plist */,
			);
			path = DesignPatternsPlaygroundTests;
			sourceTree = "<group>";
		};
/* End PBXGroup section */

/* Begin PBXNativeTarget section */
		8DED256B1C2292FF00462C0F /* DesignPatternsPlayground */ = {
			isa = PBXNativeTarget;
			buildConfigurationList = 8DED25891C2292FF00462C0F /* Build configuration list for PBXNativeTarget "DesignPatternsPlayground" */;
			buildPhases = (
				8DED25681C2292FF00462C0F /* Sources */,
				8DED25691C2292FF00462C0F /* Frameworks */,
				8DED256A1C2292FF00462C0F /* Resources */,
			);
			buildRules = (
			);
			dependencies = (
			);
			name = DesignPatternsPlayground;
			productName = DesignPatternsPlayground;
			productReference = 8DED256C1C2292FF00462C0F /* DesignPatternsPlayground.app */;
			productType = "com.apple.product-type.application";
		};
		8DED257F1C2292FF00462C0F /* DesignPatternsPlaygroundTests */ = {
			isa = PBXNativeTarget;
			buildConfigurationList = 8DED258C1C2292FF00462C0F /* Build configuration list for PBXNativeTarget "DesignPatternsPlaygroundTests" */;
			buildPhases = (
				8DED257C1C2292FF00462C0F /* Sources */,
				8DED257D1C2292FF00462C0F /* Frameworks */,
				8DED257E1C2292FF00462C0F /* Resources */,
			);
			buildRules = (
			);
			dependencies = (
				8DED25821C2292FF00462C0F /* PBXTargetDependency */,
			);
			name = DesignPatternsPlaygroundTests;
			productName = DesignPatternsPlaygroundTests;
			productReference = 8DED25801C2292FF00462C0F /* DesignPatternsPlaygroundTests.xctest */;
			productType = "com.apple.product-type.bundle.unit-test";
		};
/* End PBXNativeTarget section */

/* Begin PBXProject section */
		8DED25641C2292FF00462C0F /* Project object */ = {
			isa = PBXProject;
			attributes = {
				LastUpgradeCheck = 0700;
				ORGANIZATIONNAME = "Ricardo Pramana Suranta";
				TargetAttributes = {
					8DED256B1C2292FF00462C0F = {
						CreatedOnToolsVersion = 7.0;
					};
					8DED257F1C2292FF00462C0F = {
						CreatedOnToolsVersion = 7.0;
						TestTargetID = 8DED256B1C2292FF00462C0F;
					};
				};
			};
			buildConfigurationList = 8DED25671C2292FF00462C0F /* Build configuration list for PBXProject "DesignPatternsPlayground" */;
			compatibilityVersion = "Xcode 3.2";
			developmentRegion = English;
			hasScannedForEncodings = 0;
			knownRegions = (
				en,
				Base,
			);
			mainGroup = 8DED25631C2292FF00462C0F;
			productRefGroup = 8DED256D1C2292FF00462C0F /* Products */;
			projectDirPath = "";
			projectRoot = "";
			targets = (
				8DED256B1C2292FF00462C0F /* DesignPatternsPlayground */,
				8DED257F1C2292FF00462C0F /* DesignPatternsPlaygroundTests */,
			);
		};
/* End PBXProject section */

/* Begin PBXResourcesBuildPhase section */
		8DED256A1C2292FF00462C0F /* Resources */ = {
			isa = PBXResourcesBuildPhase;
			buildActionMask = 2147483647;
			files = (
				8DED257A1C2292FF00462C0F /* LaunchScreen.storyboard in Resources */,
				8D34CA401C3141680002E3F9 /* AbstractFactorySampleViewController.xib in Resources */,
				8DEF63721C33961100F65DAB /* FactoryMethodViewController.xib in Resources */,
				8DED25771C2292FF00462C0F /* Assets.xcassets in Resources */,
				8DED25751C2292FF00462C0F /* Main.storyboard in Resources */,
			);
			runOnlyForDeploymentPostprocessing = 0;
		};
		8DED257E1C2292FF00462C0F /* Resources */ = {
			isa = PBXResourcesBuildPhase;
			buildActionMask = 2147483647;
			files = (
				8DEF63731C33961100F65DAB /* FactoryMethodViewController.xib in Resources */,
				8D34CA411C3141680002E3F9 /* AbstractFactorySampleViewController.xib in Resources */,
			);
			runOnlyForDeploymentPostprocessing = 0;
		};
/* End PBXResourcesBuildPhase section */

/* Begin PBXSourcesBuildPhase section */
		8DED25681C2292FF00462C0F /* Sources */ = {
			isa = PBXSourcesBuildPhase;
			buildActionMask = 2147483647;
			files = (
				8D51B0651C2A7A8F00B9509E /* HomeViewController.swift in Sources */,
				8DEF636C1C3394BB00F65DAB /* BlackParadeViewModel.swift in Sources */,
				8DDA04C51C2A8C7600B5A707 /* PatternType.swift in Sources */,
				8D3E42B81C3280A00018E6BC /* DesertParadeViewModel.swift in Sources */,
				8D34CA2D1C3139DF0002E3F9 /* Array+Randomiser.swift in Sources */,
				8D34CA291C3138BE0002E3F9 /* JapaneseChef.swift in Sources */,
				8D51B0621C2A79C000B9509E /* BehaviouralPatternsViewController.swift in Sources */,
				8D3E42C41C3286A20018E6BC /* CityParadeViewModel.swift in Sources */,
				8DEF63701C33961100F65DAB /* FactoryMethodViewController.swift in Sources */,
				8DDA04C91C2A8E3D00B5A707 /* CreationalPatternType.swift in Sources */,
				8D34CA361C313F660002E3F9 /* AbstractChefFactory.swift in Sources */,
				8D3E42B51C327DED0018E6BC /* ParadeViewModel.swift in Sources */,
				8DDA04D31C2A9E3C00B5A707 /* Chef.swift in Sources */,
				8DED25701C2292FF00462C0F /* AppDelegate.swift in Sources */,
				8D3E42BB1C32837A0018E6BC /* SeaParadeViewModel.swift in Sources */,
				8DDA04D01C2A9DB000B5A707 /* Food.swift in Sources */,
				8D34CA301C313C510002E3F9 /* IndonesianChef.swift in Sources */,
				8D34CA261C3137100002E3F9 /* WesternChef.swift in Sources */,
				8D3E42BE1C32846E0018E6BC /* SkyParadeViewModel.swift in Sources */,
				8D2D929B1C327A0000AFA1BE /* Parade.swift in Sources */,
				8D51B05F1C2A77E700B9509E /* StructuralPatternsViewController.swift in Sources */,
				8D51B05C1C2A71AD00B9509E /* CreationalPatternsViewController.swift in Sources */,
				8D3E42C11C3285630018E6BC /* JungleParadeViewModel.swift in Sources */,
				8DDA04D71C2A9FDD00B5A707 /* ChineseChef.swift in Sources */,
				8D34CA3E1C3141680002E3F9 /* AbstractFactorySampleViewController.swift in Sources */,
				8D34CA331C313D4F0002E3F9 /* OtherCuisineChef.swift in Sources */,
			);
			runOnlyForDeploymentPostprocessing = 0;
		};
		8DED257C1C2292FF00462C0F /* Sources */ = {
			isa = PBXSourcesBuildPhase;
			buildActionMask = 2147483647;
			files = (
				8D51B0661C2A7A8F00B9509E /* HomeViewController.swift in Sources */,
				8DEF636D1C3394BB00F65DAB /* BlackParadeViewModel.swift in Sources */,
				8DDA04C61C2A8C7600B5A707 /* PatternType.swift in Sources */,
				8D3E42B91C3280A00018E6BC /* DesertParadeViewModel.swift in Sources */,
				8D34CA2E1C3139DF0002E3F9 /* Array+Randomiser.swift in Sources */,
				8D34CA2A1C3138BE0002E3F9 /* JapaneseChef.swift in Sources */,
				8D51B0631C2A79C000B9509E /* BehaviouralPatternsViewController.swift in Sources */,
				8D3E42C51C3286A20018E6BC /* CityParadeViewModel.swift in Sources */,
				8DEF63711C33961100F65DAB /* FactoryMethodViewController.swift in Sources */,
				8DDA04CA1C2A8E3D00B5A707 /* CreationalPatternType.swift in Sources */,
				8D34CA371C313F660002E3F9 /* AbstractChefFactory.swift in Sources */,
				8D3E42B61C327DED0018E6BC /* ParadeViewModel.swift in Sources */,
				8DDA04D41C2A9E3C00B5A707 /* Chef.swift in Sources */,
				8DED25851C2292FF00462C0F /* DesignPatternsPlaygroundTests.swift in Sources */,
				8D3E42BC1C32837A0018E6BC /* SeaParadeViewModel.swift in Sources */,
				8DDA04D11C2A9DB000B5A707 /* Food.swift in Sources */,
				8D34CA311C313C510002E3F9 /* IndonesianChef.swift in Sources */,
				8D34CA271C3137100002E3F9 /* WesternChef.swift in Sources */,
				8D3E42BF1C32846E0018E6BC /* SkyParadeViewModel.swift in Sources */,
				8D2D929C1C327A0000AFA1BE /* Parade.swift in Sources */,
				8D51B0601C2A77E700B9509E /* StructuralPatternsViewController.swift in Sources */,
				8D51B05D1C2A71B000B9509E /* CreationalPatternsViewController.swift in Sources */,
				8D3E42C21C3285630018E6BC /* JungleParadeViewModel.swift in Sources */,
				8DDA04D81C2A9FDD00B5A707 /* ChineseChef.swift in Sources */,
				8D34CA3F1C3141680002E3F9 /* AbstractFactorySampleViewController.swift in Sources */,
				8D34CA341C313D4F0002E3F9 /* OtherCuisineChef.swift in Sources */,
			);
			runOnlyForDeploymentPostprocessing = 0;
		};
/* End PBXSourcesBuildPhase section */

/* Begin PBXTargetDependency section */
		8DED25821C2292FF00462C0F /* PBXTargetDependency */ = {
			isa = PBXTargetDependency;
			target = 8DED256B1C2292FF00462C0F /* DesignPatternsPlayground */;
			targetProxy = 8DED25811C2292FF00462C0F /* PBXContainerItemProxy */;
		};
/* End PBXTargetDependency section */

/* Begin PBXVariantGroup section */
		8DED25731C2292FF00462C0F /* Main.storyboard */ = {
			isa = PBXVariantGroup;
			children = (
				8DED25741C2292FF00462C0F /* Base */,
			);
			name = Main.storyboard;
			sourceTree = "<group>";
		};
		8DED25781C2292FF00462C0F /* LaunchScreen.storyboard */ = {
			isa = PBXVariantGroup;
			children = (
				8DED25791C2292FF00462C0F /* Base */,
			);
			name = LaunchScreen.storyboard;
			sourceTree = "<group>";
		};
/* End PBXVariantGroup section */

/* Begin XCBuildConfiguration section */
		8DED25871C2292FF00462C0F /* Debug */ = {
			isa = XCBuildConfiguration;
			buildSettings = {
				ALWAYS_SEARCH_USER_PATHS = NO;
				CLANG_CXX_LANGUAGE_STANDARD = "gnu++0x";
				CLANG_CXX_LIBRARY = "libc++";
				CLANG_ENABLE_MODULES = YES;
				CLANG_ENABLE_OBJC_ARC = YES;
				CLANG_WARN_BOOL_CONVERSION = YES;
				CLANG_WARN_CONSTANT_CONVERSION = YES;
				CLANG_WARN_DIRECT_OBJC_ISA_USAGE = YES_ERROR;
				CLANG_WARN_EMPTY_BODY = YES;
				CLANG_WARN_ENUM_CONVERSION = YES;
				CLANG_WARN_INT_CONVERSION = YES;
				CLANG_WARN_OBJC_ROOT_CLASS = YES_ERROR;
				CLANG_WARN_UNREACHABLE_CODE = YES;
				CLANG_WARN__DUPLICATE_METHOD_MATCH = YES;
				"CODE_SIGN_IDENTITY[sdk=iphoneos*]" = "iPhone Developer";
				COPY_PHASE_STRIP = NO;
				DEBUG_INFORMATION_FORMAT = dwarf;
				ENABLE_STRICT_OBJC_MSGSEND = YES;
				ENABLE_TESTABILITY = YES;
				GCC_C_LANGUAGE_STANDARD = gnu99;
				GCC_DYNAMIC_NO_PIC = NO;
				GCC_NO_COMMON_BLOCKS = YES;
				GCC_OPTIMIZATION_LEVEL = 0;
				GCC_PREPROCESSOR_DEFINITIONS = (
					"DEBUG=1",
					"$(inherited)",
				);
				GCC_WARN_64_TO_32_BIT_CONVERSION = YES;
				GCC_WARN_ABOUT_RETURN_TYPE = YES_ERROR;
				GCC_WARN_UNDECLARED_SELECTOR = YES;
				GCC_WARN_UNINITIALIZED_AUTOS = YES_AGGRESSIVE;
				GCC_WARN_UNUSED_FUNCTION = YES;
				GCC_WARN_UNUSED_VARIABLE = YES;
				IPHONEOS_DEPLOYMENT_TARGET = 9.0;
				MTL_ENABLE_DEBUG_INFO = YES;
				ONLY_ACTIVE_ARCH = YES;
				SDKROOT = iphoneos;
				SWIFT_OPTIMIZATION_LEVEL = "-Onone";
				TARGETED_DEVICE_FAMILY = "1,2";
			};
			name = Debug;
		};
		8DED25881C2292FF00462C0F /* Release */ = {
			isa = XCBuildConfiguration;
			buildSettings = {
				ALWAYS_SEARCH_USER_PATHS = NO;
				CLANG_CXX_LANGUAGE_STANDARD = "gnu++0x";
				CLANG_CXX_LIBRARY = "libc++";
				CLANG_ENABLE_MODULES = YES;
				CLANG_ENABLE_OBJC_ARC = YES;
				CLANG_WARN_BOOL_CONVERSION = YES;
				CLANG_WARN_CONSTANT_CONVERSION = YES;
				CLANG_WARN_DIRECT_OBJC_ISA_USAGE = YES_ERROR;
				CLANG_WARN_EMPTY_BODY = YES;
				CLANG_WARN_ENUM_CONVERSION = YES;
				CLANG_WARN_INT_CONVERSION = YES;
				CLANG_WARN_OBJC_ROOT_CLASS = YES_ERROR;
				CLANG_WARN_UNREACHABLE_CODE = YES;
				CLANG_WARN__DUPLICATE_METHOD_MATCH = YES;
				"CODE_SIGN_IDENTITY[sdk=iphoneos*]" = "iPhone Developer";
				COPY_PHASE_STRIP = NO;
				DEBUG_INFORMATION_FORMAT = "dwarf-with-dsym";
				ENABLE_NS_ASSERTIONS = NO;
				ENABLE_STRICT_OBJC_MSGSEND = YES;
				GCC_C_LANGUAGE_STANDARD = gnu99;
				GCC_NO_COMMON_BLOCKS = YES;
				GCC_WARN_64_TO_32_BIT_CONVERSION = YES;
				GCC_WARN_ABOUT_RETURN_TYPE = YES_ERROR;
				GCC_WARN_UNDECLARED_SELECTOR = YES;
				GCC_WARN_UNINITIALIZED_AUTOS = YES_AGGRESSIVE;
				GCC_WARN_UNUSED_FUNCTION = YES;
				GCC_WARN_UNUSED_VARIABLE = YES;
				IPHONEOS_DEPLOYMENT_TARGET = 9.0;
				MTL_ENABLE_DEBUG_INFO = NO;
				SDKROOT = iphoneos;
				TARGETED_DEVICE_FAMILY = "1,2";
				VALIDATE_PRODUCT = YES;
			};
			name = Release;
		};
		8DED258A1C2292FF00462C0F /* Debug */ = {
			isa = XCBuildConfiguration;
			buildSettings = {
				ASSETCATALOG_COMPILER_APPICON_NAME = AppIcon;
				INFOPLIST_FILE = DesignPatternsPlayground/Info.plist;
				LD_RUNPATH_SEARCH_PATHS = "$(inherited) @executable_path/Frameworks";
				PRODUCT_BUNDLE_IDENTIFIER = com.edopelawi.DesignPatternsPlayground;
				PRODUCT_NAME = "$(TARGET_NAME)";
			};
			name = Debug;
		};
		8DED258B1C2292FF00462C0F /* Release */ = {
			isa = XCBuildConfiguration;
			buildSettings = {
				ASSETCATALOG_COMPILER_APPICON_NAME = AppIcon;
				INFOPLIST_FILE = DesignPatternsPlayground/Info.plist;
				LD_RUNPATH_SEARCH_PATHS = "$(inherited) @executable_path/Frameworks";
				PRODUCT_BUNDLE_IDENTIFIER = com.edopelawi.DesignPatternsPlayground;
				PRODUCT_NAME = "$(TARGET_NAME)";
			};
			name = Release;
		};
		8DED258D1C2292FF00462C0F /* Debug */ = {
			isa = XCBuildConfiguration;
			buildSettings = {
				BUNDLE_LOADER = "$(TEST_HOST)";
				INFOPLIST_FILE = DesignPatternsPlaygroundTests/Info.plist;
				LD_RUNPATH_SEARCH_PATHS = "$(inherited) @executable_path/Frameworks @loader_path/Frameworks";
				PRODUCT_BUNDLE_IDENTIFIER = com.edopelawi.DesignPatternsPlaygroundTests;
				PRODUCT_NAME = "$(TARGET_NAME)";
				TEST_HOST = "$(BUILT_PRODUCTS_DIR)/DesignPatternsPlayground.app/DesignPatternsPlayground";
			};
			name = Debug;
		};
		8DED258E1C2292FF00462C0F /* Release */ = {
			isa = XCBuildConfiguration;
			buildSettings = {
				BUNDLE_LOADER = "$(TEST_HOST)";
				INFOPLIST_FILE = DesignPatternsPlaygroundTests/Info.plist;
				LD_RUNPATH_SEARCH_PATHS = "$(inherited) @executable_path/Frameworks @loader_path/Frameworks";
				PRODUCT_BUNDLE_IDENTIFIER = com.edopelawi.DesignPatternsPlaygroundTests;
				PRODUCT_NAME = "$(TARGET_NAME)";
				TEST_HOST = "$(BUILT_PRODUCTS_DIR)/DesignPatternsPlayground.app/DesignPatternsPlayground";
			};
			name = Release;
		};
/* End XCBuildConfiguration section */

/* Begin XCConfigurationList section */
		8DED25671C2292FF00462C0F /* Build configuration list for PBXProject "DesignPatternsPlayground" */ = {
			isa = XCConfigurationList;
			buildConfigurations = (
				8DED25871C2292FF00462C0F /* Debug */,
				8DED25881C2292FF00462C0F /* Release */,
			);
			defaultConfigurationIsVisible = 0;
			defaultConfigurationName = Release;
		};
		8DED25891C2292FF00462C0F /* Build configuration list for PBXNativeTarget "DesignPatternsPlayground" */ = {
			isa = XCConfigurationList;
			buildConfigurations = (
				8DED258A1C2292FF00462C0F /* Debug */,
				8DED258B1C2292FF00462C0F /* Release */,
			);
			defaultConfigurationIsVisible = 0;
			defaultConfigurationName = Release;
		};
		8DED258C1C2292FF00462C0F /* Build configuration list for PBXNativeTarget "DesignPatternsPlaygroundTests" */ = {
			isa = XCConfigurationList;
			buildConfigurations = (
				8DED258D1C2292FF00462C0F /* Debug */,
				8DED258E1C2292FF00462C0F /* Release */,
			);
			defaultConfigurationIsVisible = 0;
			defaultConfigurationName = Release;
		};
/* End XCConfigurationList section */
	};
	rootObject = 8DED25641C2292FF00462C0F /* Project object */;
}
